{
  "version": "2",
  "remote": {
    "https://deno.land/std@0.144.0/_util/assert.ts": "e94f2eb37cebd7f199952e242c77654e43333c1ac4c5c700e929ea3aa5489f74",
    "https://deno.land/std@0.144.0/bytes/bytes_list.ts": "aba5e2369e77d426b10af1de0dcc4531acecec27f9b9056f4f7bfbf8ac147ab4",
    "https://deno.land/std@0.144.0/bytes/equals.ts": "3c3558c3ae85526f84510aa2b48ab2ad7bdd899e2e0f5b7a8ffc85acb3a6043a",
    "https://deno.land/std@0.144.0/bytes/mod.ts": "763f97d33051cc3f28af1a688dfe2830841192a9fea0cbaa55f927b49d49d0bf",
    "https://deno.land/std@0.144.0/fmt/colors.ts": "6f9340b7fb8cc25a993a99e5efc56fe81bb5af284ff412129dd06df06f53c0b4",
    "https://deno.land/std@0.144.0/fs/exists.ts": "cb734d872f8554ea40b8bff77ad33d4143c1187eac621a55bf37781a43c56f6d",
    "https://deno.land/std@0.144.0/io/buffer.ts": "bd0c4bf53db4b4be916ca5963e454bddfd3fcd45039041ea161dbf826817822b",
    "https://deno.land/std@0.144.0/io/files.ts": "d199ef64e918a256320ba8d8d44ae91de87c9077df8f8d6cca013f1b9fbbe285",
    "https://deno.land/std@0.144.0/io/types.d.ts": "0cae3a62da7a37043661746c65c021058bae020b54e50c0e774916e5d4baee43",
    "https://deno.land/std@0.144.0/io/util.ts": "078da53bba767bec0d45f7da44411f6dbf269e51ef7fcfea5e3714e04681c674",
    "https://deno.land/std@0.144.0/log/handlers.ts": "b88c24df61eaeee8581dbef3622f21aebfd061cd2fda49affc1711c0e54d57da",
    "https://deno.land/std@0.144.0/log/levels.ts": "82c965b90f763b5313e7595d4ba78d5095a13646d18430ebaf547526131604d1",
    "https://deno.land/std@0.144.0/log/logger.ts": "4d25581bc02dfbe3ad7e8bb480e1f221793a85be5e056185a0cea134f7a7fdf4",
    "https://deno.land/std@0.144.0/log/mod.ts": "65d2702785714b8d41061426b5c279f11b3dcbc716f3eb5384372a430af63961",
    "https://deno.land/std@0.144.0/streams/conversion.ts": "fc3db02026183da795fa32ac7549868e9f19c75ba029d4b4c3739af62b48517a",
    "https://deno.land/std@0.144.0/testing/_diff.ts": "029a00560b0d534bc0046f1bce4bd36b3b41ada3f2a3178c85686eb2ff5f1413",
    "https://deno.land/std@0.144.0/testing/_format.ts": "0d8dc79eab15b67cdc532826213bbe05bccfd276ca473a50a3fc7bbfb7260642",
    "https://deno.land/std@0.144.0/testing/asserts.ts": "319df43e1e6bba2520508f6090a21a9a640cbe2754d255aee17cd1dfa78c2ff6",
    "https://deno.land/std@0.166.0/_util/asserts.ts": "d0844e9b62510f89ce1f9878b046f6a57bf88f208a10304aab50efcb48365272",
    "https://deno.land/std@0.166.0/bytes/bytes_list.ts": "aba5e2369e77d426b10af1de0dcc4531acecec27f9b9056f4f7bfbf8ac147ab4",
    "https://deno.land/std@0.166.0/bytes/equals.ts": "3c3558c3ae85526f84510aa2b48ab2ad7bdd899e2e0f5b7a8ffc85acb3a6043a",
    "https://deno.land/std@0.166.0/bytes/mod.ts": "b2e342fd3669176a27a4e15061e9d588b89c1aaf5008ab71766e23669565d179",
    "https://deno.land/std@0.166.0/io/buffer.ts": "245f1762a949082ddc0a6e9b15589d0be2d29c150266decd04320b8a8318f9f6",
    "https://deno.land/std@0.166.0/io/types.d.ts": "107e1e64834c5ba917c783f446b407d33432c5d612c4b3430df64fc2b4ecf091",
    "https://deno.land/std@0.166.0/streams/conversion.ts": "555c6c249f3acf85655f2d0af52d1cb3168e40b1c1fa26beefea501b333abe28",
    "https://deno.land/x/csv@v0.7.5/deps.ts": "51943080d5f4f3ee1688f5f37e63241098bed2a5bca55f6fcbc9635561fffd76",
    "https://deno.land/x/csv@v0.7.5/mod.ts": "2a13285c8716257aa5d6b5021d45c74dcb275eaaa46776106ddf78b071cabd88",
    "https://deno.land/x/csv@v0.7.5/reader.ts": "cf2fa88ef7e1a7c10d73f1f7118e0bb7eed329332b7dfdff948dcc5d04e60287",
    "https://deno.land/x/csv@v0.7.5/utils.ts": "c12632d89129e115a6cdebec536349f74906b2cac2dae80838b8bc2c659ef9c8",
    "https://deno.land/x/csv@v0.7.5/writer.ts": "3d2ec86683f0ac64bc51df90dbd59bf896695d69861a6ad0d669aef477e3f2dc",
    "https://deno.land/x/jsx@v0.1.5/mod.ts": "24bb89837fda59c53c12a3c0e464378ca6de9b261dec1df57ba640b1cfed9611"
  },
  "npm": {
    "specifiers": {
      "esbuild@0.15.17": "esbuild@0.15.17"
    },
    "packages": {
      "@esbuild/android-arm@0.15.17": {
        "integrity": "sha512-ay6Ken4u+JStjYmqIgh71jMT0bs/rXpCCDKaMfl78B20QYWJglT5P6Ejfm4hWf6Zi+uUWNe7ZmqakRs2BQYIeg==",
        "dependencies": {}
      },
      "@esbuild/linux-loong64@0.15.17": {
        "integrity": "sha512-IA1O7f7qxw2DX8oqTpugHElr926phs7Rq8ULXleBMk4go5K05BU0mI8BfCkWcYAvcmVaMc13bv5W3LIUlU6Y9w==",
        "dependencies": {}
      },
      "esbuild-android-64@0.15.17": {
        "integrity": "sha512-sUs6cKMAuAyWnJ/66ezWVr9SMRGFSwoMagxzdhXYggSA12zF7krXSuc1Y9JwxHq56wtv/gFAVo97TFm7RBc1Ig==",
        "dependencies": {}
      },
      "esbuild-android-arm64@0.15.17": {
        "integrity": "sha512-RLZuCgIx1rexwxwsXTEW40ZiZzdBI1MBphwDRFyms/iiJGwLxqCH7v75iSJk5s6AF6oa80KC6r/RmzyaX/uJNg==",
        "dependencies": {}
      },
      "esbuild-darwin-64@0.15.17": {
        "integrity": "sha512-+6RTCZ0hfAb+RqTNq1uVsBcP441yZOSi6CyV9BIBryGGVg8RM3Bc6L45e5b68jdRloddN92ekS50e4ElI+cHQA==",
        "dependencies": {}
      },
      "esbuild-darwin-arm64@0.15.17": {
        "integrity": "sha512-ne4UWUHEKWLgYSE5SLr0/TBcID3k9LPnrzzRXzFLTfD+ygjnW1pMEgdMfmOKIe8jYBUYv8x/YoksriTdQb9r/Q==",
        "dependencies": {}
      },
      "esbuild-freebsd-64@0.15.17": {
        "integrity": "sha512-6my3DrwLOe1zhR8UzVRKeo9AFM9XkApJBcx0IE+qKaEbKKBxYAiDBtd2ZMtRA2agqIwRP0kuHofTiDEzpfA+ZA==",
        "dependencies": {}
      },
      "esbuild-freebsd-arm64@0.15.17": {
        "integrity": "sha512-LQL7+f+bz+xmAu1FcDBB304Wm2CjONUcOeF4f3TqG7wYXMxjjYQZBFv+0OVapNXyYrM2vy9JMDbps+SheuOnHg==",
        "dependencies": {}
      },
      "esbuild-linux-32@0.15.17": {
        "integrity": "sha512-7E9vZXMZhINQ4/KcxBxioJ2ao5gbXJ6Pa4/LEUd102g3gadSalpg0LrityFgw7ao6qmjcNWwdEYrXaDnOzyyYA==",
        "dependencies": {}
      },
      "esbuild-linux-64@0.15.17": {
        "integrity": "sha512-TnedHtFQSUVlc0J0D4ZMMalYaQ0Zbt7HSwGy4sav7BlXVqDVc/rchJ/a9dathK51apzLgRyXQMseLf6bkloaSQ==",
        "dependencies": {}
      },
      "esbuild-linux-arm64@0.15.17": {
        "integrity": "sha512-oupYfh0lTHg+F/2ZoTNrioB+KLd6x0Zlhjz2Oa1jhl8wCGkNvwe25RytR2/SGPYpoNVcvCeoayWQRwwRuWGgfQ==",
        "dependencies": {}
      },
      "esbuild-linux-arm@0.15.17": {
        "integrity": "sha512-+ugCmBTTDIlh+UuC7E/GvyJqjGTX2pNOA+g3isG78aYcfgswrHjvstTtIfljaU95AS30qrVNLgI5h/8TsRWTrg==",
        "dependencies": {}
      },
      "esbuild-linux-mips64le@0.15.17": {
        "integrity": "sha512-aUVyHwUXJF1hi9jsAT+At+cBxZh2yGICi/e757N6d/zzOD+eVK3PKQj68tAvIflx6/ZpnuCTKol1GpgGYrzERg==",
        "dependencies": {}
      },
      "esbuild-linux-ppc64le@0.15.17": {
        "integrity": "sha512-i7789iFTLfLccHPNADCbaZPx9CuQblsBqv2j4XqIBN1jKIJbpQ8iqCkWoHep4PLqqKLtBLtTWh919GsrFGdeJA==",
        "dependencies": {}
      },
      "esbuild-linux-riscv64@0.15.17": {
        "integrity": "sha512-fEQ/8tnZ2sDniBlPfTXEdg+0OP1olps96HvYdwl8ywJdAlD7AK761EL3lRbRdfMHNOId2N6+CVca43/Fiu/0AQ==",
        "dependencies": {}
      },
      "esbuild-linux-s390x@0.15.17": {
        "integrity": "sha512-ZBQekST4gYgTKHAvUJtR1kFFulHTDlRZSE8T0wRQCmQqydNkC1teWxlR31xS6MZevjZGfa7OMVJD24bBhei/2Q==",
        "dependencies": {}
      },
      "esbuild-netbsd-64@0.15.17": {
        "integrity": "sha512-onNBFaZVN9GzGJMm3aZJJv74n/Q8FjW20G9OfSDhHjvamqJ5vbd42hNk6igQX4lgBCHTZvvBlWDJAMy+tbJAAw==",
        "dependencies": {}
      },
      "esbuild-openbsd-64@0.15.17": {
        "integrity": "sha512-QFxHmvjaRrmTCvH/A3EmzqKUSZHRQ7/pbrJeATsb/Q6qckCeL9e7zg/1A3HiZqDXeBUV3yNeBeV1GJBjY6yVyA==",
        "dependencies": {}
      },
      "esbuild-sunos-64@0.15.17": {
        "integrity": "sha512-7dHZA8Kc6U8rBTKojJatXtzHTUKJ3CRYimvOGIQQ1yUDOqGx/zZkCH/HkEi3Zg5SWyDj/57E5e1YJPo4ySSw/w==",
        "dependencies": {}
      },
      "esbuild-windows-32@0.15.17": {
        "integrity": "sha512-yDrNrwQ/0k4N3OZItZ6k6YnBUch8+of06YRYc3hFI8VDm7X1rkNZwhttZNAzF6+TtbnK4cIz7H2/EwdSoaGZ3g==",
        "dependencies": {}
      },
      "esbuild-windows-64@0.15.17": {
        "integrity": "sha512-jPnXvB4zMMToNPpCBdt+OEQiYFVs9wlQ5G8vMoJkrYJBp1aEt070MRpBFa6pfBFrgXquqgUiNAohMcTdy+JVFg==",
        "dependencies": {}
      },
      "esbuild-windows-arm64@0.15.17": {
        "integrity": "sha512-I5QeSsz0X66V8rxVhmw03Wzn8Tz63H3L9GrsA7C5wvBXMk3qahLWuEL+l7SZ2DleKkFeZZMu1dPxOak9f1TZ4A==",
        "dependencies": {}
      },
      "esbuild@0.15.17": {
        "integrity": "sha512-8MbkDX+kh0kaeYGd6klMbn1uTOXHoDw7UYMd1dQYA5cqBZivf5+pzfaXZSL1RNamJfXW/uWC5+9wX5ejDgpSqg==",
        "dependencies": {
          "@esbuild/android-arm": "@esbuild/android-arm@0.15.17",
          "@esbuild/linux-loong64": "@esbuild/linux-loong64@0.15.17",
          "esbuild-android-64": "esbuild-android-64@0.15.17",
          "esbuild-android-arm64": "esbuild-android-arm64@0.15.17",
          "esbuild-darwin-64": "esbuild-darwin-64@0.15.17",
          "esbuild-darwin-arm64": "esbuild-darwin-arm64@0.15.17",
          "esbuild-freebsd-64": "esbuild-freebsd-64@0.15.17",
          "esbuild-freebsd-arm64": "esbuild-freebsd-arm64@0.15.17",
          "esbuild-linux-32": "esbuild-linux-32@0.15.17",
          "esbuild-linux-64": "esbuild-linux-64@0.15.17",
          "esbuild-linux-arm": "esbuild-linux-arm@0.15.17",
          "esbuild-linux-arm64": "esbuild-linux-arm64@0.15.17",
          "esbuild-linux-mips64le": "esbuild-linux-mips64le@0.15.17",
          "esbuild-linux-ppc64le": "esbuild-linux-ppc64le@0.15.17",
          "esbuild-linux-riscv64": "esbuild-linux-riscv64@0.15.17",
          "esbuild-linux-s390x": "esbuild-linux-s390x@0.15.17",
          "esbuild-netbsd-64": "esbuild-netbsd-64@0.15.17",
          "esbuild-openbsd-64": "esbuild-openbsd-64@0.15.17",
          "esbuild-sunos-64": "esbuild-sunos-64@0.15.17",
          "esbuild-windows-32": "esbuild-windows-32@0.15.17",
          "esbuild-windows-64": "esbuild-windows-64@0.15.17",
          "esbuild-windows-arm64": "esbuild-windows-arm64@0.15.17"
        }
      }
    }
  }
}
